// !$*UTF8*$!
{
	archiveVersion = 1;
	classes = {
	};
	objectVersion = 50;
	objects = {

/* Begin PBXBuildFile section */
		F60731232576240B008FC91C /* speechFile.plist in Resources */ = {isa = PBXBuildFile; fileRef = F60731222576240B008FC91C /* speechFile.plist */; };
		F60C9B482575CAE60056B9C6 /* AVFoundation.framework in Frameworks */ = {isa = PBXBuildFile; fileRef = F60C9B472575CAE60056B9C6 /* AVFoundation.framework */; };
		F60C9B4B2575CDD60056B9C6 /* Speech.framework in Frameworks */ = {isa = PBXBuildFile; fileRef = F60C9B4A2575CDD60056B9C6 /* Speech.framework */; };
		F60C9B4E2575D4560056B9C6 /* MMVoiceEngine.framework in Frameworks */ = {isa = PBXBuildFile; fileRef = F60C9B4D2575D4560056B9C6 /* MMVoiceEngine.framework */; };
		F60C9B4F2575D4560056B9C6 /* MMVoiceEngine.framework in Embed Frameworks */ = {isa = PBXBuildFile; fileRef = F60C9B4D2575D4560056B9C6 /* MMVoiceEngine.framework */; settings = {ATTRIBUTES = (CodeSignOnCopy, RemoveHeadersOnCopy, ); }; };
		F611630B255A662100D1453E /* MMVoiceEngine.framework in Frameworks */ = {isa = PBXBuildFile; fileRef = F611630A255A662100D1453E /* MMVoiceEngine.framework */; };
		F6F15C08255A5B2300778245 /* AppDelegate.m in Sources */ = {isa = PBXBuildFile; fileRef = F6F15C07255A5B2300778245 /* AppDelegate.m */; };
		F6F15C0B255A5B2300778245 /* SceneDelegate.m in Sources */ = {isa = PBXBuildFile; fileRef = F6F15C0A255A5B2300778245 /* SceneDelegate.m */; };
		F6F15C0E255A5B2300778245 /* ViewController.m in Sources */ = {isa = PBXBuildFile; fileRef = F6F15C0D255A5B2300778245 /* ViewController.m */; };
		F6F15C11255A5B2300778245 /* Main.storyboard in Resources */ = {isa = PBXBuildFile; fileRef = F6F15C0F255A5B2300778245 /* Main.storyboard */; };
		F6F15C13255A5B2400778245 /* Assets.xcassets in Resources */ = {isa = PBXBuildFile; fileRef = F6F15C12255A5B2400778245 /* Assets.xcassets */; };
		F6F15C16255A5B2400778245 /* LaunchScreen.storyboard in Resources */ = {isa = PBXBuildFile; fileRef = F6F15C14255A5B2400778245 /* LaunchScreen.storyboard */; };
		F6F15C19255A5B2400778245 /* main.m in Sources */ = {isa = PBXBuildFile; fileRef = F6F15C18255A5B2400778245 /* main.m */; };
/* End PBXBuildFile section */

/* Begin PBXCopyFilesBuildPhase section */
		F60C9B502575D4560056B9C6 /* Embed Frameworks */ = {
			isa = PBXCopyFilesBuildPhase;
			buildActionMask = 2147483647;
			dstPath = "";
			dstSubfolderSpec = 10;
			files = (
				F60C9B4F2575D4560056B9C6 /* MMVoiceEngine.framework in Embed Frameworks */,
			);
			name = "Embed Frameworks";
			runOnlyForDeploymentPostprocessing = 0;
		};
/* End PBXCopyFilesBuildPhase section */

/* Begin PBXFileReference section */
		F60731222576240B008FC91C /* speechFile.plist */ = {isa = PBXFileReference; fileEncoding = 4; lastKnownFileType = text.plist.xml; path = speechFile.plist; sourceTree = "<group>"; };
		F60C9B472575CAE60056B9C6 /* AVFoundation.framework */ = {isa = PBXFileReference; lastKnownFileType = wrapper.framework; name = AVFoundation.framework; path = System/Library/Frameworks/AVFoundation.framework; sourceTree = SDKROOT; };
		F60C9B4A2575CDD60056B9C6 /* Speech.framework */ = {isa = PBXFileReference; lastKnownFileType = wrapper.framework; name = Speech.framework; path = System/Library/Frameworks/Speech.framework; sourceTree = SDKROOT; };
		F60C9B4D2575D4560056B9C6 /* MMVoiceEngine.framework */ = {isa = PBXFileReference; explicitFileType = wrapper.framework; path = MMVoiceEngine.framework; sourceTree = BUILT_PRODUCTS_DIR; };
		F611630A255A662100D1453E /* MMVoiceEngine.framework */ = {isa = PBXFileReference; lastKnownFileType = wrapper.framework; name = MMVoiceEngine.framework; path = ../../../SDK/MMVoiceEngine.framework; sourceTree = "<group>"; };
		F6F15C03255A5B2300778245 /* MMVoiceEngine-Demo.app */ = {isa = PBXFileReference; explicitFileType = wrapper.application; includeInIndex = 0; path = "MMVoiceEngine-Demo.app"; sourceTree = BUILT_PRODUCTS_DIR; };
		F6F15C06255A5B2300778245 /* AppDelegate.h */ = {isa = PBXFileReference; lastKnownFileType = sourcecode.c.h; path = AppDelegate.h; sourceTree = "<group>"; };
		F6F15C07255A5B2300778245 /* AppDelegate.m */ = {isa = PBXFileReference; lastKnownFileType = sourcecode.c.objc; path = AppDelegate.m; sourceTree = "<group>"; };
		F6F15C09255A5B2300778245 /* SceneDelegate.h */ = {isa = PBXFileReference; lastKnownFileType = sourcecode.c.h; path = SceneDelegate.h; sourceTree = "<group>"; };
		F6F15C0A255A5B2300778245 /* SceneDelegate.m */ = {isa = PBXFileReference; lastKnownFileType = sourcecode.c.objc; path = SceneDelegate.m; sourceTree = "<group>"; };
		F6F15C0C255A5B2300778245 /* ViewController.h */ = {isa = PBXFileReference; lastKnownFileType = sourcecode.c.h; path = ViewController.h; sourceTree = "<group>"; };
		F6F15C0D255A5B2300778245 /* ViewController.m */ = {isa = PBXFileReference; lastKnownFileType = sourcecode.c.objc; path = ViewController.m; sourceTree = "<group>"; };
		F6F15C10255A5B2300778245 /* Base */ = {isa = PBXFileReference; lastKnownFileType = file.storyboard; name = Base; path = Base.lproj/Main.storyboard; sourceTree = "<group>"; };
		F6F15C12255A5B2400778245 /* Assets.xcassets */ = {isa = PBXFileReference; lastKnownFileType = folder.assetcatalog; path = Assets.xcassets; sourceTree = "<group>"; };
		F6F15C15255A5B2400778245 /* Base */ = {isa = PBXFileReference; lastKnownFileType = file.storyboard; name = Base; path = Base.lproj/LaunchScreen.storyboard; sourceTree = "<group>"; };
		F6F15C17255A5B2400778245 /* Info.plist */ = {isa = PBXFileReference; lastKnownFileType = text.plist.xml; path = Info.plist; sourceTree = "<group>"; };
		F6F15C18255A5B2400778245 /* main.m */ = {isa = PBXFileReference; lastKnownFileType = sourcecode.c.objc; path = main.m; sourceTree = "<group>"; };
/* End PBXFileReference section */

/* Begin PBXFrameworksBuildPhase section */
		F6F15C00255A5B2300778245 /* Frameworks */ = {
			isa = PBXFrameworksBuildPhase;
			buildActionMask = 2147483647;
			files = (
				F60C9B482575CAE60056B9C6 /* AVFoundation.framework in Frameworks */,
				F60C9B4E2575D4560056B9C6 /* MMVoiceEngine.framework in Frameworks */,
				F60C9B4B2575CDD60056B9C6 /* Speech.framework in Frameworks */,
				F611630B255A662100D1453E /* MMVoiceEngine.framework in Frameworks */,
			);
			runOnlyForDeploymentPostprocessing = 0;
		};
/* End PBXFrameworksBuildPhase section */

/* Begin PBXGroup section */
		F60C9B462575CAE60056B9C6 /* Frameworks */ = {
			isa = PBXGroup;
			children = (
				F60C9B4D2575D4560056B9C6 /* MMVoiceEngine.framework */,
				F60C9B4A2575CDD60056B9C6 /* Speech.framework */,
				F60C9B472575CAE60056B9C6 /* AVFoundation.framework */,
			);
			name = Frameworks;
			sourceTree = "<group>";
		};
		F6F15BFA255A5B2300778245 = {
			isa = PBXGroup;
			children = (
				F6F15C05255A5B2300778245 /* MMVoiceEngine-Demo */,
				F6F15C04255A5B2300778245 /* Products */,
				F60C9B462575CAE60056B9C6 /* Frameworks */,
			);
			sourceTree = "<group>";
		};
		F6F15C04255A5B2300778245 /* Products */ = {
			isa = PBXGroup;
			children = (
				F6F15C03255A5B2300778245 /* MMVoiceEngine-Demo.app */,
			);
			name = Products;
			sourceTree = "<group>";
		};
		F6F15C05255A5B2300778245 /* MMVoiceEngine-Demo */ = {
			isa = PBXGroup;
			children = (
				F6F15C06255A5B2300778245 /* AppDelegate.h */,
				F6F15C07255A5B2300778245 /* AppDelegate.m */,
				F6F15C09255A5B2300778245 /* SceneDelegate.h */,
				F6F15C0A255A5B2300778245 /* SceneDelegate.m */,
				F6F15C0C255A5B2300778245 /* ViewController.h */,
				F6F15C0D255A5B2300778245 /* ViewController.m */,
				F6F15C0F255A5B2300778245 /* Main.storyboard */,
				F60731222576240B008FC91C /* speechFile.plist */,
				F6F15C12255A5B2400778245 /* Assets.xcassets */,
				F6F15C14255A5B2400778245 /* LaunchScreen.storyboard */,
				F6F15C17255A5B2400778245 /* Info.plist */,
				F6F15C18255A5B2400778245 /* main.m */,
				F611630A255A662100D1453E /* MMVoiceEngine.framework */,
			);
			path = "MMVoiceEngine-Demo";
			sourceTree = "<group>";
		};
/* End PBXGroup section */

/* Begin PBXNativeTarget section */
		F6F15C02255A5B2300778245 /* MMVoiceEngine-Demo */ = {
			isa = PBXNativeTarget;
			buildConfigurationList = F6F15C1C255A5B2400778245 /* Build configuration list for PBXNativeTarget "MMVoiceEngine-Demo" */;
			buildPhases = (
				F6F15BFF255A5B2300778245 /* Sources */,
				F6F15C00255A5B2300778245 /* Frameworks */,
				F6F15C01255A5B2300778245 /* Resources */,
				F60C9B502575D4560056B9C6 /* Embed Frameworks */,
			);
			buildRules = (
			);
			dependencies = (
			);
			name = "MMVoiceEngine-Demo";
			productName = "MMVoiceEngine-Demo";
			productReference = F6F15C03255A5B2300778245 /* MMVoiceEngine-Demo.app */;
			productType = "com.apple.product-type.application";
		};
/* End PBXNativeTarget section */

/* Begin PBXProject section */
		F6F15BFB255A5B2300778245 /* Project object */ = {
			isa = PBXProject;
			attributes = {
				LastUpgradeCheck = 1200;
				TargetAttributes = {
					F6F15C02255A5B2300778245 = {
						CreatedOnToolsVersion = 12.0;
					};
				};
			};
			buildConfigurationList = F6F15BFE255A5B2300778245 /* Build configuration list for PBXProject "MMVoiceEngine-Demo" */;
			compatibilityVersion = "Xcode 9.3";
			developmentRegion = en;
			hasScannedForEncodings = 0;
			knownRegions = (
				en,
				Base,
			);
			mainGroup = F6F15BFA255A5B2300778245;
			productRefGroup = F6F15C04255A5B2300778245 /* Products */;
			projectDirPath = "";
			projectRoot = "";
			targets = (
				F6F15C02255A5B2300778245 /* MMVoiceEngine-Demo */,
			);
		};
/* End PBXProject section */

/* Begin PBXResourcesBuildPhase section */
		F6F15C01255A5B2300778245 /* Resources */ = {
			isa = PBXResourcesBuildPhase;
			buildActionMask = 2147483647;
			files = (
				F6F15C16255A5B2400778245 /* LaunchScreen.storyboard in Resources */,
				F6F15C13255A5B2400778245 /* Assets.xcassets in Resources */,
				F60731232576240B008FC91C /* speechFile.plist in Resources */,
				F6F15C11255A5B2300778245 /* Main.storyboard in Resources */,
			);
			runOnlyForDeploymentPostprocessing = 0;
		};
/* End PBXResourcesBuildPhase section */

/* Begin PBXSourcesBuildPhase section */
		F6F15BFF255A5B2300778245 /* Sources */ = {
			isa = PBXSourcesBuildPhase;
			buildActionMask = 2147483647;
			files = (
				F6F15C0E255A5B2300778245 /* ViewController.m in Sources */,
				F6F15C08255A5B2300778245 /* AppDelegate.m in Sources */,
				F6F15C19255A5B2400778245 /* main.m in Sources */,
				F6F15C0B255A5B2300778245 /* SceneDelegate.m in Sources */,
			);
			runOnlyForDeploymentPostprocessing = 0;
		};
/* End PBXSourcesBuildPhase section */

/* Begin PBXVariantGroup section */
		F6F15C0F255A5B2300778245 /* Main.storyboard */ = {
			isa = PBXVariantGroup;
			children = (
				F6F15C10255A5B2300778245 /* Base */,
			);
			name = Main.storyboard;
			sourceTree = "<group>";
		};
		F6F15C14255A5B2400778245 /* LaunchScreen.storyboard */ = {
			isa = PBXVariantGroup;
			children = (
				F6F15C15255A5B2400778245 /* Base */,
			);
			name = LaunchScreen.storyboard;
			sourceTree = "<group>";
		};
/* End PBXVariantGroup section */

/* Begin XCBuildConfiguration section */
		F6F15C1A255A5B2400778245 /* Debug */ = {
			isa = XCBuildConfiguration;
			buildSettings = {
				ALWAYS_SEARCH_USER_PATHS = NO;
				CLANG_ANALYZER_NONNULL = YES;
				CLANG_ANALYZER_NUMBER_OBJECT_CONVERSION = YES_AGGRESSIVE;
				CLANG_CXX_LANGUAGE_STANDARD = "gnu++14";
				CLANG_CXX_LIBRARY = "libc++";
				CLANG_ENABLE_MODULES = YES;
				CLANG_ENABLE_OBJC_ARC = YES;
				CLANG_ENABLE_OBJC_WEAK = YES;
				CLANG_WARN_BLOCK_CAPTURE_AUTORELEASING = YES;
				CLANG_WARN_BOOL_CONVERSION = YES;
				CLANG_WARN_COMMA = YES;
				CLANG_WARN_CONSTANT_CONVERSION = YES;
				CLANG_WARN_DEPRECATED_OBJC_IMPLEMENTATIONS = YES;
				CLANG_WARN_DIRECT_OBJC_ISA_USAGE = YES_ERROR;
				CLANG_WARN_DOCUMENTATION_COMMENTS = YES;
				CLANG_WARN_EMPTY_BODY = YES;
				CLANG_WARN_ENUM_CONVERSION = YES;
				CLANG_WARN_INFINITE_RECURSION = YES;
				CLANG_WARN_INT_CONVERSION = YES;
				CLANG_WARN_NON_LITERAL_NULL_CONVERSION = YES;
				CLANG_WARN_OBJC_IMPLICIT_RETAIN_SELF = YES;
				CLANG_WARN_OBJC_LITERAL_CONVERSION = YES;
				CLANG_WARN_OBJC_ROOT_CLASS = YES_ERROR;
				CLANG_WARN_QUOTED_INCLUDE_IN_FRAMEWORK_HEADER = YES;
				CLANG_WARN_RANGE_LOOP_ANALYSIS = YES;
				CLANG_WARN_STRICT_PROTOTYPES = YES;
				CLANG_WARN_SUSPICIOUS_MOVE = YES;
				CLANG_WARN_UNGUARDED_AVAILABILITY = YES_AGGRESSIVE;
				CLANG_WARN_UNREACHABLE_CODE = YES;
				CLANG_WARN__DUPLICATE_METHOD_MATCH = YES;
				COPY_PHASE_STRIP = NO;
				DEBUG_INFORMATION_FORMAT = dwarf;
				ENABLE_STRICT_OBJC_MSGSEND = YES;
				ENABLE_TESTABILITY = YES;
				GCC_C_LANGUAGE_STANDARD = gnu11;
				GCC_DYNAMIC_NO_PIC = NO;
				GCC_NO_COMMON_BLOCKS = YES;
				GCC_OPTIMIZATION_LEVEL = 0;
				GCC_PREPROCESSOR_DEFINITIONS = (
					"DEBUG=1",
					"$(inherited)",
				);
				GCC_WARN_64_TO_32_BIT_CONVERSION = YES;
				GCC_WARN_ABOUT_RETURN_TYPE = YES_ERROR;
				GCC_WARN_UNDECLARED_SELECTOR = YES;
				GCC_WARN_UNINITIALIZED_AUTOS = YES_AGGRESSIVE;
				GCC_WARN_UNUSED_FUNCTION = YES;
				GCC_WARN_UNUSED_VARIABLE = YES;
				IPHONEOS_DEPLOYMENT_TARGET = 14.0;
				MTL_ENABLE_DEBUG_INFO = INCLUDE_SOURCE;
				MTL_FAST_MATH = YES;
				ONLY_ACTIVE_ARCH = NO;
				SDKROOT = iphoneos;
			};
			name = Debug;
		};
		F6F15C1B255A5B2400778245 /* Release */ = {
			isa = XCBuildConfiguration;
			buildSettings = {
				ALWAYS_SEARCH_USER_PATHS = NO;
				CLANG_ANALYZER_NONNULL = YES;
				CLANG_ANALYZER_NUMBER_OBJECT_CONVERSION = YES_AGGRESSIVE;
				CLANG_CXX_LANGUAGE_STANDARD = "gnu++14";
				CLANG_CXX_LIBRARY = "libc++";
				CLANG_ENABLE_MODULES = YES;
				CLANG_ENABLE_OBJC_ARC = YES;
				CLANG_ENABLE_OBJC_WEAK = YES;
				CLANG_WARN_BLOCK_CAPTURE_AUTORELEASING = YES;
				CLANG_WARN_BOOL_CONVERSION = YES;
				CLANG_WARN_COMMA = YES;
				CLANG_WARN_CONSTANT_CONVERSION = YES;
				CLANG_WARN_DEPRECATED_OBJC_IMPLEMENTATIONS = YES;
				CLANG_WARN_DIRECT_OBJC_ISA_USAGE = YES_ERROR;
				CLANG_WARN_DOCUMENTATION_COMMENTS = YES;
				CLANG_WARN_EMPTY_BODY = YES;
				CLANG_WARN_ENUM_CONVERSION = YES;
				CLANG_WARN_INFINITE_RECURSION = YES;
				CLANG_WARN_INT_CONVERSION = YES;
				CLANG_WARN_NON_LITERAL_NULL_CONVERSION = YES;
				CLANG_WARN_OBJC_IMPLICIT_RETAIN_SELF = YES;
				CLANG_WARN_OBJC_LITERAL_CONVERSION = YES;
				CLANG_WARN_OBJC_ROOT_CLASS = YES_ERROR;
				CLANG_WARN_QUOTED_INCLUDE_IN_FRAMEWORK_HEADER = YES;
				CLANG_WARN_RANGE_LOOP_ANALYSIS = YES;
				CLANG_WARN_STRICT_PROTOTYPES = YES;
				CLANG_WARN_SUSPICIOUS_MOVE = YES;
				CLANG_WARN_UNGUARDED_AVAILABILITY = YES_AGGRESSIVE;
				CLANG_WARN_UNREACHABLE_CODE = YES;
				CLANG_WARN__DUPLICATE_METHOD_MATCH = YES;
				COPY_PHASE_STRIP = NO;
				DEBUG_INFORMATION_FORMAT = "dwarf-with-dsym";
				ENABLE_NS_ASSERTIONS = NO;
				ENABLE_STRICT_OBJC_MSGSEND = YES;
				GCC_C_LANGUAGE_STANDARD = gnu11;
				GCC_NO_COMMON_BLOCKS = YES;
				GCC_WARN_64_TO_32_BIT_CONVERSION = YES;
				GCC_WARN_ABOUT_RETURN_TYPE = YES_ERROR;
				GCC_WARN_UNDECLARED_SELECTOR = YES;
				GCC_WARN_UNINITIALIZED_AUTOS = YES_AGGRESSIVE;
				GCC_WARN_UNUSED_FUNCTION = YES;
				GCC_WARN_UNUSED_VARIABLE = YES;
				IPHONEOS_DEPLOYMENT_TARGET = 14.0;
				MTL_ENABLE_DEBUG_INFO = NO;
				MTL_FAST_MATH = YES;
				SDKROOT = iphoneos;
				VALIDATE_PRODUCT = YES;
			};
			name = Release;
		};
		F6F15C1D255A5B2400778245 /* Debug */ = {
			isa = XCBuildConfiguration;
			buildSettings = {
				ASSETCATALOG_COMPILER_APPICON_NAME = AppIcon;
				ASSETCATALOG_COMPILER_GLOBAL_ACCENT_COLOR_NAME = AccentColor;
				CODE_SIGN_IDENTITY = "Apple Development";
				CODE_SIGN_STYLE = Automatic;
				DEVELOPMENT_TEAM = 8C2CLWL33B;
				INFOPLIST_FILE = "MMVoiceEngine-Demo/Info.plist";
				IPHONEOS_DEPLOYMENT_TARGET = 10.0;
				LD_RUNPATH_SEARCH_PATHS = (
					"$(inherited)",
					"@executable_path/Frameworks",
				);
				MARKETING_VERSION = 1.2;
				ONLY_ACTIVE_ARCH = NO;
				PRODUCT_BUNDLE_IDENTIFIER = "MengxiangPersonal.MMVoiceEngine-Demo";
				PRODUCT_NAME = "$(TARGET_NAME)";
				PROVISIONING_PROFILE_SPECIFIER = "";
				TARGETED_DEVICE_FAMILY = "1,2";
			};
			name = Debug;
		};
		F6F15C1E255A5B2400778245 /* Release */ = {
			isa = XCBuildConfiguration;
			buildSettings = {
				ASSETCATALOG_COMPILER_APPICON_NAME = AppIcon;
				ASSETCATALOG_COMPILER_GLOBAL_ACCENT_COLOR_NAME = AccentColor;
				CODE_SIGN_IDENTITY = "Apple Development";
				CODE_SIGN_STYLE = Automatic;
				DEVELOPMENT_TEAM = 8C2CLWL33B;
				INFOPLIST_FILE = "MMVoiceEngine-Demo/Info.plist";
				IPHONEOS_DEPLOYMENT_TARGET = 10.0;
				LD_RUNPATH_SEARCH_PATHS = (
					"$(inherited)",
					"@executable_path/Frameworks",
				);
				MARKETING_VERSION = 1.2;
				PRODUCT_BUNDLE_IDENTIFIER = "MengxiangPersonal.MMVoiceEngine-Demo";
				PRODUCT_NAME = "$(TARGET_NAME)";
				PROVISIONING_PROFILE_SPECIFIER = "";
				TARGETED_DEVICE_FAMILY = "1,2";
			};
			name = Release;
		};
/* End XCBuildConfiguration section */

/* Begin XCConfigurationList section */
		F6F15BFE255A5B2300778245 /* Build configuration list for PBXProject "MMVoiceEngine-Demo" */ = {
			isa = XCConfigurationList;
			buildConfigurations = (
				F6F15C1A255A5B2400778245 /* Debug */,
				F6F15C1B255A5B2400778245 /* Release */,
			);
			defaultConfigurationIsVisible = 0;
			defaultConfigurationName = Release;
		};
		F6F15C1C255A5B2400778245 /* Build configuration list for PBXNativeTarget "MMVoiceEngine-Demo" */ = {
			isa = XCConfigurationList;
			buildConfigurations = (
				F6F15C1D255A5B2400778245 /* Debug */,
				F6F15C1E255A5B2400778245 /* Release */,
			);
			defaultConfigurationIsVisible = 0;
			defaultConfigurationName = Release;
		};
/* End XCConfigurationList section */
	};
	rootObject = F6F15BFB255A5B2300778245 /* Project object */;
}
